// !$*UTF8*$!
{
	archiveVersion = 1;
	classes = {
	};
	objectVersion = 46;
	objects = {

/* Begin PBXBuildFile section */
		5392B1891A90C9FF004F503A /* AppDelegate.swift in Sources */ = {isa = PBXBuildFile; fileRef = 5392B1881A90C9FF004F503A /* AppDelegate.swift */; };
		5392B18B1A90C9FF004F503A /* ViewController.swift in Sources */ = {isa = PBXBuildFile; fileRef = 5392B18A1A90C9FF004F503A /* ViewController.swift */; };
		5392B18E1A90C9FF004F503A /* Main.storyboard in Resources */ = {isa = PBXBuildFile; fileRef = 5392B18C1A90C9FF004F503A /* Main.storyboard */; };
		5392B1901A90C9FF004F503A /* Images.xcassets in Resources */ = {isa = PBXBuildFile; fileRef = 5392B18F1A90C9FF004F503A /* Images.xcassets */; };
		5392B1931A90C9FF004F503A /* LaunchScreen.xib in Resources */ = {isa = PBXBuildFile; fileRef = 5392B1911A90C9FF004F503A /* LaunchScreen.xib */; };
		5392B19F1A90CA00004F503A /* EffectButtonTests.swift in Sources */ = {isa = PBXBuildFile; fileRef = 5392B19E1A90CA00004F503A /* EffectButtonTests.swift */; };
/* End PBXBuildFile section */

/* Begin PBXContainerItemProxy section */
		5392B1991A90CA00004F503A /* PBXContainerItemProxy */ = {
			isa = PBXContainerItemProxy;
			containerPortal = 5392B17B1A90C9FF004F503A /* Project object */;
			proxyType = 1;
			remoteGlobalIDString = 5392B1821A90C9FF004F503A;
			remoteInfo = EffectButton;
		};
/* End PBXContainerItemProxy section */

/* Begin PBXFileReference section */
		5392B1831A90C9FF004F503A /* EffectButton.app */ = {isa = PBXFileReference; explicitFileType = wrapper.application; includeInIndex = 0; path = EffectButton.app; sourceTree = BUILT_PRODUCTS_DIR; };
		5392B1871A90C9FF004F503A /* Info.plist */ = {isa = PBXFileReference; lastKnownFileType = text.plist.xml; path = Info.plist; sourceTree = "<group>"; };
		5392B1881A90C9FF004F503A /* AppDelegate.swift */ = {isa = PBXFileReference; lastKnownFileType = sourcecode.swift; path = AppDelegate.swift; sourceTree = "<group>"; };
		5392B18A1A90C9FF004F503A /* ViewController.swift */ = {isa = PBXFileReference; lastKnownFileType = sourcecode.swift; path = ViewController.swift; sourceTree = "<group>"; };
		5392B18D1A90C9FF004F503A /* Base */ = {isa = PBXFileReference; lastKnownFileType = file.storyboard; name = Base; path = Base.lproj/Main.storyboard; sourceTree = "<group>"; };
		5392B18F1A90C9FF004F503A /* Images.xcassets */ = {isa = PBXFileReference; lastKnownFileType = folder.assetcatalog; path = Images.xcassets; sourceTree = "<group>"; };
		5392B1921A90C9FF004F503A /* Base */ = {isa = PBXFileReference; lastKnownFileType = file.xib; name = Base; path = Base.lproj/LaunchScreen.xib; sourceTree = "<group>"; };
		5392B1981A90CA00004F503A /* EffectButtonTests.xctest */ = {isa = PBXFileReference; explicitFileType = wrapper.cfbundle; includeInIndex = 0; path = EffectButtonTests.xctest; sourceTree = BUILT_PRODUCTS_DIR; };
		5392B19D1A90CA00004F503A /* Info.plist */ = {isa = PBXFileReference; lastKnownFileType = text.plist.xml; path = Info.plist; sourceTree = "<group>"; };
		5392B19E1A90CA00004F503A /* EffectButtonTests.swift */ = {isa = PBXFileReference; lastKnownFileType = sourcecode.swift; path = EffectButtonTests.swift; sourceTree = "<group>"; };
/* End PBXFileReference section */

/* Begin PBXFrameworksBuildPhase section */
		5392B1801A90C9FF004F503A /* Frameworks */ = {
			isa = PBXFrameworksBuildPhase;
			buildActionMask = 2147483647;
			files = (
			);
			runOnlyForDeploymentPostprocessing = 0;
		};
		5392B1951A90CA00004F503A /* Frameworks */ = {
			isa = PBXFrameworksBuildPhase;
			buildActionMask = 2147483647;
			files = (
			);
			runOnlyForDeploymentPostprocessing = 0;
		};
/* End PBXFrameworksBuildPhase section */

/* Begin PBXGroup section */
		5392B17A1A90C9FF004F503A = {
			isa = PBXGroup;
			children = (
				5392B1851A90C9FF004F503A /* EffectButton */,
				5392B19B1A90CA00004F503A /* EffectButtonTests */,
				5392B1841A90C9FF004F503A /* Products */,
			);
			sourceTree = "<group>";
		};
		5392B1841A90C9FF004F503A /* Products */ = {
			isa = PBXGroup;
			children = (
				5392B1831A90C9FF004F503A /* EffectButton.app */,
				5392B1981A90CA00004F503A /* EffectButtonTests.xctest */,
			);
			name = Products;
			sourceTree = "<group>";
		};
		5392B1851A90C9FF004F503A /* EffectButton */ = {
			isa = PBXGroup;
			children = (
				5392B1881A90C9FF004F503A /* AppDelegate.swift */,
				5392B18A1A90C9FF004F503A /* ViewController.swift */,
				5392B18C1A90C9FF004F503A /* Main.storyboard */,
				5392B18F1A90C9FF004F503A /* Images.xcassets */,
				5392B1911A90C9FF004F503A /* LaunchScreen.xib */,
				5392B1861A90C9FF004F503A /* Supporting Files */,
			);
			path = EffectButton;
			sourceTree = "<group>";
		};
		5392B1861A90C9FF004F503A /* Supporting Files */ = {
			isa = PBXGroup;
			children = (
				5392B1871A90C9FF004F503A /* Info.plist */,
			);
			name = "Supporting Files";
			sourceTree = "<group>";
		};
		5392B19B1A90CA00004F503A /* EffectButtonTests */ = {
			isa = PBXGroup;
			children = (
				5392B19E1A90CA00004F503A /* EffectButtonTests.swift */,
				5392B19C1A90CA00004F503A /* Supporting Files */,
			);
			path = EffectButtonTests;
			sourceTree = "<group>";
		};
		5392B19C1A90CA00004F503A /* Supporting Files */ = {
			isa = PBXGroup;
			children = (
				5392B19D1A90CA00004F503A /* Info.plist */,
			);
			name = "Supporting Files";
			sourceTree = "<group>";
		};
/* End PBXGroup section */

/* Begin PBXNativeTarget section */
		5392B1821A90C9FF004F503A /* EffectButton */ = {
			isa = PBXNativeTarget;
			buildConfigurationList = 5392B1A21A90CA00004F503A /* Build configuration list for PBXNativeTarget "EffectButton" */;
			buildPhases = (
				5392B17F1A90C9FF004F503A /* Sources */,
				5392B1801A90C9FF004F503A /* Frameworks */,
				5392B1811A90C9FF004F503A /* Resources */,
			);
			buildRules = (
			);
			dependencies = (
			);
			name = EffectButton;
			productName = EffectButton;
			productReference = 5392B1831A90C9FF004F503A /* EffectButton.app */;
			productType = "com.apple.product-type.application";
		};
		5392B1971A90CA00004F503A /* EffectButtonTests */ = {
			isa = PBXNativeTarget;
			buildConfigurationList = 5392B1A51A90CA00004F503A /* Build configuration list for PBXNativeTarget "EffectButtonTests" */;
			buildPhases = (
				5392B1941A90CA00004F503A /* Sources */,
				5392B1951A90CA00004F503A /* Frameworks */,
				5392B1961A90CA00004F503A /* Resources */,
			);
			buildRules = (
			);
			dependencies = (
				5392B19A1A90CA00004F503A /* PBXTargetDependency */,
			);
			name = EffectButtonTests;
			productName = EffectButtonTests;
			productReference = 5392B1981A90CA00004F503A /* EffectButtonTests.xctest */;
			productType = "com.apple.product-type.bundle.unit-test";
		};
/* End PBXNativeTarget section */

/* Begin PBXProject section */
		5392B17B1A90C9FF004F503A /* Project object */ = {
			isa = PBXProject;
			attributes = {
				LastUpgradeCheck = 0610;
				ORGANIZATIONNAME = "Masato Oshima";
				TargetAttributes = {
					5392B1821A90C9FF004F503A = {
						CreatedOnToolsVersion = 6.1.1;
					};
					5392B1971A90CA00004F503A = {
						CreatedOnToolsVersion = 6.1.1;
						TestTargetID = 5392B1821A90C9FF004F503A;
					};
				};
			};
			buildConfigurationList = 5392B17E1A90C9FF004F503A /* Build configuration list for PBXProject "EffectButton" */;
			compatibilityVersion = "Xcode 3.2";
			developmentRegion = English;
			hasScannedForEncodings = 0;
			knownRegions = (
				en,
				Base,
			);
			mainGroup = 5392B17A1A90C9FF004F503A;
			productRefGroup = 5392B1841A90C9FF004F503A /* Products */;
			projectDirPath = "";
			projectRoot = "";
			targets = (
				5392B1821A90C9FF004F503A /* EffectButton */,
				5392B1971A90CA00004F503A /* EffectButtonTests */,
			);
		};
/* End PBXProject section */

/* Begin PBXResourcesBuildPhase section */
		5392B1811A90C9FF004F503A /* Resources */ = {
			isa = PBXResourcesBuildPhase;
			buildActionMask = 2147483647;
			files = (
				5392B18E1A90C9FF004F503A /* Main.storyboard in Resources */,
				5392B1931A90C9FF004F503A /* LaunchScreen.xib in Resources */,
				5392B1901A90C9FF004F503A /* Images.xcassets in Resources */,
			);
			runOnlyForDeploymentPostprocessing = 0;
		};
		5392B1961A90CA00004F503A /* Resources */ = {
			isa = PBXResourcesBuildPhase;
			buildActionMask = 2147483647;
			files = (
			);
			runOnlyForDeploymentPostprocessing = 0;
		};
/* End PBXResourcesBuildPhase section */

/* Begin PBXSourcesBuildPhase section */
		5392B17F1A90C9FF004F503A /* Sources */ = {
			isa = PBXSourcesBuildPhase;
			buildActionMask = 2147483647;
			files = (
				5392B18B1A90C9FF004F503A /* ViewController.swift in Sources */,
				5392B1891A90C9FF004F503A /* AppDelegate.swift in Sources */,
			);
			runOnlyForDeploymentPostprocessing = 0;
		};
		5392B1941A90CA00004F503A /* Sources */ = {
			isa = PBXSourcesBuildPhase;
			buildActionMask = 2147483647;
			files = (
				5392B19F1A90CA00004F503A /* EffectButtonTests.swift in Sources */,
			);
			runOnlyForDeploymentPostprocessing = 0;
		};
/* End PBXSourcesBuildPhase section */

/* Begin PBXTargetDependency section */
		5392B19A1A90CA00004F503A /* PBXTargetDependency */ = {
			isa = PBXTargetDependency;
			target = 5392B1821A90C9FF004F503A /* EffectButton */;
			targetProxy = 5392B1991A90CA00004F503A /* PBXContainerItemProxy */;
		};
/* End PBXTargetDependency section */

/* Begin PBXVariantGroup section */
		5392B18C1A90C9FF004F503A /* Main.storyboard */ = {
			isa = PBXVariantGroup;
			children = (
				5392B18D1A90C9FF004F503A /* Base */,
			);
			name = Main.storyboard;
			sourceTree = "<group>";
		};
		5392B1911A90C9FF004F503A /* LaunchScreen.xib */ = {
			isa = PBXVariantGroup;
			children = (
				5392B1921A90C9FF004F503A /* Base */,
			);
			name = LaunchScreen.xib;
			sourceTree = "<group>";
		};
/* End PBXVariantGroup section */

/* Begin XCBuildConfiguration section */
		5392B1A01A90CA00004F503A /* Debug */ = {
			isa = XCBuildConfiguration;
			buildSettings = {
				ALWAYS_SEARCH_USER_PATHS = NO;
				CLANG_CXX_LANGUAGE_STANDARD = "gnu++0x";
				CLANG_CXX_LIBRARY = "libc++";
				CLANG_ENABLE_MODULES = YES;
				CLANG_ENABLE_OBJC_ARC = YES;
				CLANG_WARN_BOOL_CONVERSION = YES;
				CLANG_WARN_CONSTANT_CONVERSION = YES;
				CLANG_WARN_DIRECT_OBJC_ISA_USAGE = YES_ERROR;
				CLANG_WARN_EMPTY_BODY = YES;
				CLANG_WARN_ENUM_CONVERSION = YES;
				CLANG_WARN_INT_CONVERSION = YES;
				CLANG_WARN_OBJC_ROOT_CLASS = YES_ERROR;
				CLANG_WARN_UNREACHABLE_CODE = YES;
				CLANG_WARN__DUPLICATE_METHOD_MATCH = YES;
				"CODE_SIGN_IDENTITY[sdk=iphoneos*]" = "iPhone Developer";
				COPY_PHASE_STRIP = NO;
				ENABLE_STRICT_OBJC_MSGSEND = YES;
				GCC_C_LANGUAGE_STANDARD = gnu99;
				GCC_DYNAMIC_NO_PIC = NO;
				GCC_OPTIMIZATION_LEVEL = 0;
				GCC_PREPROCESSOR_DEFINITIONS = (
					"DEBUG=1",
					"$(inherited)",
				);
				GCC_SYMBOLS_PRIVATE_EXTERN = NO;
				GCC_WARN_64_TO_32_BIT_CONVERSION = YES;
				GCC_WARN_ABOUT_RETURN_TYPE = YES_ERROR;
				GCC_WARN_UNDECLARED_SELECTOR = YES;
				GCC_WARN_UNINITIALIZED_AUTOS = YES_AGGRESSIVE;
				GCC_WARN_UNUSED_FUNCTION = YES;
				GCC_WARN_UNUSED_VARIABLE = YES;
				IPHONEOS_DEPLOYMENT_TARGET = 8.1;
				MTL_ENABLE_DEBUG_INFO = YES;
				ONLY_ACTIVE_ARCH = YES;
				SDKROOT = iphoneos;
				SWIFT_OPTIMIZATION_LEVEL = "-Onone";
			};
			name = Debug;
		};
		5392B1A11A90CA00004F503A /* Release */ = {
			isa = XCBuildConfiguration;
			buildSettings = {
				ALWAYS_SEARCH_USER_PATHS = NO;
				CLANG_CXX_LANGUAGE_STANDARD = "gnu++0x";
				CLANG_CXX_LIBRARY = "libc++";
				CLANG_ENABLE_MODULES = YES;
				CLANG_ENABLE_OBJC_ARC = YES;
				CLANG_WARN_BOOL_CONVERSION = YES;
				CLANG_WARN_CONSTANT_CONVERSION = YES;
				CLANG_WARN_DIRECT_OBJC_ISA_USAGE = YES_ERROR;
				CLANG_WARN_EMPTY_BODY = YES;
				CLANG_WARN_ENUM_CONVERSION = YES;
				CLANG_WARN_INT_CONVERSION = YES;
				CLANG_WARN_OBJC_ROOT_CLASS = YES_ERROR;
				CLANG_WARN_UNREACHABLE_CODE = YES;
				CLANG_WARN__DUPLICATE_METHOD_MATCH = YES;
				"CODE_SIGN_IDENTITY[sdk=iphoneos*]" = "iPhone Developer";
				COPY_PHASE_STRIP = YES;
				ENABLE_NS_ASSERTIONS = NO;
				ENABLE_STRICT_OBJC_MSGSEND = YES;
				GCC_C_LANGUAGE_STANDARD = gnu99;
				GCC_WARN_64_TO_32_BIT_CONVERSION = YES;
				GCC_WARN_ABOUT_RETURN_TYPE = YES_ERROR;
				GCC_WARN_UNDECLARED_SELECTOR = YES;
				GCC_WARN_UNINITIALIZED_AUTOS = YES_AGGRESSIVE;
				GCC_WARN_UNUSED_FUNCTION = YES;
				GCC_WARN_UNUSED_VARIABLE = YES;
				IPHONEOS_DEPLOYMENT_TARGET = 8.1;
				MTL_ENABLE_DEBUG_INFO = NO;
				SDKROOT = iphoneos;
				VALIDATE_PRODUCT = YES;
			};
			name = Release;
		};
		5392B1A31A90CA00004F503A /* Debug */ = {
			isa = XCBuildConfiguration;
			buildSettings = {
				ASSETCATALOG_COMPILER_APPICON_NAME = AppIcon;
				INFOPLIST_FILE = EffectButton/Info.plist;
				LD_RUNPATH_SEARCH_PATHS = "$(inherited) @executable_path/Frameworks";
				PRODUCT_NAME = "$(TARGET_NAME)";
			};
			name = Debug;
		};
		5392B1A41A90CA00004F503A /* Release */ = {
			isa = XCBuildConfiguration;
			buildSettings = {
				ASSETCATALOG_COMPILER_APPICON_NAME = AppIcon;
				INFOPLIST_FILE = EffectButton/Info.plist;
				LD_RUNPATH_SEARCH_PATHS = "$(inherited) @executable_path/Frameworks";
				PRODUCT_NAME = "$(TARGET_NAME)";
			};
			name = Release;
		};
		5392B1A61A90CA00004F503A /* Debug */ = {
			isa = XCBuildConfiguration;
			buildSettings = {
				BUNDLE_LOADER = "$(TEST_HOST)";
				FRAMEWORK_SEARCH_PATHS = (
					"$(SDKROOT)/Developer/Library/Frameworks",
					"$(inherited)",
				);
				GCC_PREPROCESSOR_DEFINITIONS = (
					"DEBUG=1",
					"$(inherited)",
				);
				INFOPLIST_FILE = EffectButtonTests/Info.plist;
				LD_RUNPATH_SEARCH_PATHS = "$(inherited) @executable_path/Frameworks @loader_path/Frameworks";
				PRODUCT_NAME = "$(TARGET_NAME)";
				TEST_HOST = "$(BUILT_PRODUCTS_DIR)/EffectButton.app/EffectButton";
			};
			name = Debug;
		};
		5392B1A71A90CA00004F503A /* Release */ = {
			isa = XCBuildConfiguration;
			buildSettings = {
				BUNDLE_LOADER = "$(TEST_HOST)";
				FRAMEWORK_SEARCH_PATHS = (
					"$(SDKROOT)/Developer/Library/Frameworks",
					"$(inherited)",
				);
				INFOPLIST_FILE = EffectButtonTests/Info.plist;
				LD_RUNPATH_SEARCH_PATHS = "$(inherited) @executable_path/Frameworks @loader_path/Frameworks";
				PRODUCT_NAME = "$(TARGET_NAME)";
				TEST_HOST = "$(BUILT_PRODUCTS_DIR)/EffectButton.app/EffectButton";
			};
			name = Release;
		};
/* End XCBuildConfiguration section */

/* Begin XCConfigurationList section */
		5392B17E1A90C9FF004F503A /* Build configuration list for PBXProject "EffectButton" */ = {
			isa = XCConfigurationList;
			buildConfigurations = (
				5392B1A01A90CA00004F503A /* Debug */,
				5392B1A11A90CA00004F503A /* Release */,
			);
			defaultConfigurationIsVisible = 0;
			defaultConfigurationName = Release;
		};
		5392B1A21A90CA00004F503A /* Build configuration list for PBXNativeTarget "EffectButton" */ = {
			isa = XCConfigurationList;
			buildConfigurations = (
				5392B1A31A90CA00004F503A /* Debug */,
				5392B1A41A90CA00004F503A /* Release */,
			);
			defaultConfigurationIsVisible = 0;
		};
		5392B1A51A90CA00004F503A /* Build configuration list for PBXNativeTarget "EffectButtonTests" */ = {
			isa = XCConfigurationList;
			buildConfigurations = (
				5392B1A61A90CA00004F503A /* Debug */,
				5392B1A71A90CA00004F503A /* Release */,
			);
			defaultConfigurationIsVisible = 0;
		};
/* End XCConfigurationList section */
	};
	rootObject = 5392B17B1A90C9FF004F503A /* Project object */;
}
